
Microsoft Visual Studio Solution File, Format Version 12.00
# Visual Studio Version 17
VisualStudioVersion = 17.0.31903.59
MinimumVisualStudioVersion = 10.0.40219.1
Project("{9A19103F-16F7-4668-BE54-9A1E7A4F7556}") = "DomecChallange", "DomecChallange\DomecChallange.csproj", "{48413CBA-806E-4562-B9BD-ED04AB47916C}"
EndProject
Project("{2150E333-8FDC-42A3-9474-1A3956D46DE8}") = "1.Web", "1.Web", "{D59F2D59-E5DB-4344-9BB5-B73BB1A251F8}"
EndProject
Project("{2150E333-8FDC-42A3-9474-1A3956D46DE8}") = "2.Domian", "2.Domian", "{6053E6CA-F89D-4EB7-AE0C-70505ECFC7B9}"
EndProject
Project("{FAE04EC0-301F-11D3-BF4B-00C04F79EFBC}") = "DomecChallange.Domain", "DomecChallange.Domain\DomecChallange.Domain.csproj", "{953D3E65-94D8-4539-B115-641B34C3D001}"
EndProject
Project("{2150E333-8FDC-42A3-9474-1A3956D46DE8}") = "3.Data", "3.Data", "{5ADF21A1-BB84-4A63-8BB7-FE9B8BF71A5B}"
EndProject
Project("{FAE04EC0-301F-11D3-BF4B-00C04F79EFBC}") = "DomecChallange.Data", "DomecChallange.Data\DomecChallange.Data.csproj", "{90E8347C-8855-40E3-A251-D9F52AB502E6}"
EndProject
Global
	GlobalSection(SolutionConfigurationPlatforms) = preSolution
		Debug|Any CPU = Debug|Any CPU
		Release|Any CPU = Release|Any CPU
	EndGlobalSection
	GlobalSection(ProjectConfigurationPlatforms) = postSolution
		{48413CBA-806E-4562-B9BD-ED04AB47916C}.Debug|Any CPU.ActiveCfg = Debug|Any CPU
		{48413CBA-806E-4562-B9BD-ED04AB47916C}.Debug|Any CPU.Build.0 = Debug|Any CPU
		{48413CBA-806E-4562-B9BD-ED04AB47916C}.Release|Any CPU.ActiveCfg = Release|Any CPU
		{48413CBA-806E-4562-B9BD-ED04AB47916C}.Release|Any CPU.Build.0 = Release|Any CPU
		{953D3E65-94D8-4539-B115-641B34C3D001}.Debug|Any CPU.ActiveCfg = Debug|Any CPU
		{953D3E65-94D8-4539-B115-641B34C3D001}.Debug|Any CPU.Build.0 = Debug|Any CPU
		{953D3E65-94D8-4539-B115-641B34C3D001}.Release|Any CPU.ActiveCfg = Release|Any CPU
		{953D3E65-94D8-4539-B115-641B34C3D001}.Release|Any CPU.Build.0 = Release|Any CPU
		{90E8347C-8855-40E3-A251-D9F52AB502E6}.Debug|Any CPU.ActiveCfg = Debug|Any CPU
		{90E8347C-8855-40E3-A251-D9F52AB502E6}.Debug|Any CPU.Build.0 = Debug|Any CPU
		{90E8347C-8855-40E3-A251-D9F52AB502E6}.Release|Any CPU.ActiveCfg = Release|Any CPU
		{90E8347C-8855-40E3-A251-D9F52AB502E6}.Release|Any CPU.Build.0 = Release|Any CPU
	EndGlobalSection
	GlobalSection(SolutionProperties) = preSolution
		HideSolutionNode = FALSE
	EndGlobalSection
	GlobalSection(NestedProjects) = preSolution
		{48413CBA-806E-4562-B9BD-ED04AB47916C} = {D59F2D59-E5DB-4344-9BB5-B73BB1A251F8}
		{953D3E65-94D8-4539-B115-641B34C3D001} = {6053E6CA-F89D-4EB7-AE0C-70505ECFC7B9}
		{90E8347C-8855-40E3-A251-D9F52AB502E6} = {5ADF21A1-BB84-4A63-8BB7-FE9B8BF71A5B}
	EndGlobalSection
	GlobalSection(ExtensibilityGlobals) = postSolution
		SolutionGuid = {ADA64599-B546-45B2-B3DD-DD731C1077F1}
	EndGlobalSection
EndGlobal
