
Microsoft Visual Studio Solution File, Format Version 12.00
# Visual Studio Version 17
VisualStudioVersion = 17.0.31903.59
MinimumVisualStudioVersion = 10.0.40219.1
Project("{FAE04EC0-301F-11D3-BF4B-00C04F79EFBC}") = "DomecChallange", "DomecChallange\DomecChallange.csproj", "{48413CBA-806E-4562-B9BD-ED04AB47916C}"
EndProject
Global
	GlobalSection(SolutionConfigurationPlatforms) = preSolution
		Debug|Any CPU = Debug|Any CPU
		Release|Any CPU = Release|Any CPU
	EndGlobalSection
	GlobalSection(ProjectConfigurationPlatforms) = postSolution
		{48413CBA-806E-4562-B9BD-ED04AB47916C}.Debug|Any CPU.ActiveCfg = Debug|Any CPU
		{48413CBA-806E-4562-B9BD-ED04AB47916C}.Debug|Any CPU.Build.0 = Debug|Any CPU
		{48413CBA-806E-4562-B9BD-ED04AB47916C}.Release|Any CPU.ActiveCfg = Release|Any CPU
		{48413CBA-806E-4562-B9BD-ED04AB47916C}.Release|Any CPU.Build.0 = Release|Any CPU
	EndGlobalSection
	GlobalSection(SolutionProperties) = preSolution
		HideSolutionNode = FALSE
	EndGlobalSection
	GlobalSection(ExtensibilityGlobals) = postSolution
		SolutionGuid = {ADA64599-B546-45B2-B3DD-DD731C1077F1}
	EndGlobalSection
EndGlobal
